// !$*UTF8*$!
{
	archiveVersion = 1;
	classes = {
	};
	objectVersion = 46;
	objects = {

/* Begin PBXBuildFile section */
		63C3B9011F0ABFEC00AC2B8C /* AppDelegate.swift in Sources */ = {isa = PBXBuildFile; fileRef = 63C3B9001F0ABFEC00AC2B8C /* AppDelegate.swift */; };
		63C3B9031F0ABFEC00AC2B8C /* MasterViewController.swift in Sources */ = {isa = PBXBuildFile; fileRef = 63C3B9021F0ABFEC00AC2B8C /* MasterViewController.swift */; };
		63C3B9051F0ABFEC00AC2B8C /* DetailViewController.swift in Sources */ = {isa = PBXBuildFile; fileRef = 63C3B9041F0ABFEC00AC2B8C /* DetailViewController.swift */; };
		63C3B9081F0ABFEC00AC2B8C /* Main.storyboard in Resources */ = {isa = PBXBuildFile; fileRef = 63C3B9061F0ABFEC00AC2B8C /* Main.storyboard */; };
		63C3B90A1F0ABFEC00AC2B8C /* Assets.xcassets in Resources */ = {isa = PBXBuildFile; fileRef = 63C3B9091F0ABFEC00AC2B8C /* Assets.xcassets */; };
		63C3B90D1F0ABFEC00AC2B8C /* LaunchScreen.storyboard in Resources */ = {isa = PBXBuildFile; fileRef = 63C3B90B1F0ABFEC00AC2B8C /* LaunchScreen.storyboard */; };
		63C3B9181F0ABFEC00AC2B8C /* College_Profile_BuilderTests.swift in Sources */ = {isa = PBXBuildFile; fileRef = 63C3B9171F0ABFEC00AC2B8C /* College_Profile_BuilderTests.swift */; };
		63C3B9231F0ABFEC00AC2B8C /* College_Profile_BuilderUITests.swift in Sources */ = {isa = PBXBuildFile; fileRef = 63C3B9221F0ABFEC00AC2B8C /* College_Profile_BuilderUITests.swift */; };
		63C3B9311F0AC02700AC2B8C /* College.swift in Sources */ = {isa = PBXBuildFile; fileRef = 63C3B9301F0AC02700AC2B8C /* College.swift */; };
		63C3B9341F0ACABC00AC2B8C /* Realm.framework in Frameworks */ = {isa = PBXBuildFile; fileRef = 63C3B9321F0ACABC00AC2B8C /* Realm.framework */; };
		63C3B9351F0ACABC00AC2B8C /* Realm.framework in Embed Frameworks */ = {isa = PBXBuildFile; fileRef = 63C3B9321F0ACABC00AC2B8C /* Realm.framework */; settings = {ATTRIBUTES = (CodeSignOnCopy, RemoveHeadersOnCopy, ); }; };
		63C3B9361F0ACABC00AC2B8C /* RealmSwift.framework in Frameworks */ = {isa = PBXBuildFile; fileRef = 63C3B9331F0ACABC00AC2B8C /* RealmSwift.framework */; };
		63C3B9371F0ACABC00AC2B8C /* RealmSwift.framework in Embed Frameworks */ = {isa = PBXBuildFile; fileRef = 63C3B9331F0ACABC00AC2B8C /* RealmSwift.framework */; settings = {ATTRIBUTES = (CodeSignOnCopy, RemoveHeadersOnCopy, ); }; };
		63C3BA221F0D5FD700AC2B8C /* MapViewController.swift in Sources */ = {isa = PBXBuildFile; fileRef = 63C3BA211F0D5FD700AC2B8C /* MapViewController.swift */; };
/* End PBXBuildFile section */

/* Begin PBXContainerItemProxy section */
		63C3B9141F0ABFEC00AC2B8C /* PBXContainerItemProxy */ = {
			isa = PBXContainerItemProxy;
			containerPortal = 63C3B8F51F0ABFEC00AC2B8C /* Project object */;
			proxyType = 1;
			remoteGlobalIDString = 63C3B8FC1F0ABFEC00AC2B8C;
			remoteInfo = "College Profile Builder";
		};
		63C3B91F1F0ABFEC00AC2B8C /* PBXContainerItemProxy */ = {
			isa = PBXContainerItemProxy;
			containerPortal = 63C3B8F51F0ABFEC00AC2B8C /* Project object */;
			proxyType = 1;
			remoteGlobalIDString = 63C3B8FC1F0ABFEC00AC2B8C;
			remoteInfo = "College Profile Builder";
		};
/* End PBXContainerItemProxy section */

/* Begin PBXCopyFilesBuildPhase section */
		63C3B9381F0ACABC00AC2B8C /* Embed Frameworks */ = {
			isa = PBXCopyFilesBuildPhase;
			buildActionMask = 2147483647;
			dstPath = "";
			dstSubfolderSpec = 10;
			files = (
				63C3B9371F0ACABC00AC2B8C /* RealmSwift.framework in Embed Frameworks */,
				63C3B9351F0ACABC00AC2B8C /* Realm.framework in Embed Frameworks */,
			);
			name = "Embed Frameworks";
			runOnlyForDeploymentPostprocessing = 0;
		};
/* End PBXCopyFilesBuildPhase section */

/* Begin PBXFileReference section */
		63C3B8FD1F0ABFEC00AC2B8C /* College Profile Builder.app */ = {isa = PBXFileReference; explicitFileType = wrapper.application; includeInIndex = 0; path = "College Profile Builder.app"; sourceTree = BUILT_PRODUCTS_DIR; };
		63C3B9001F0ABFEC00AC2B8C /* AppDelegate.swift */ = {isa = PBXFileReference; lastKnownFileType = sourcecode.swift; path = AppDelegate.swift; sourceTree = "<group>"; };
		63C3B9021F0ABFEC00AC2B8C /* MasterViewController.swift */ = {isa = PBXFileReference; lastKnownFileType = sourcecode.swift; path = MasterViewController.swift; sourceTree = "<group>"; };
		63C3B9041F0ABFEC00AC2B8C /* DetailViewController.swift */ = {isa = PBXFileReference; lastKnownFileType = sourcecode.swift; path = DetailViewController.swift; sourceTree = "<group>"; };
		63C3B9071F0ABFEC00AC2B8C /* Base */ = {isa = PBXFileReference; lastKnownFileType = file.storyboard; name = Base; path = Base.lproj/Main.storyboard; sourceTree = "<group>"; };
		63C3B9091F0ABFEC00AC2B8C /* Assets.xcassets */ = {isa = PBXFileReference; lastKnownFileType = folder.assetcatalog; path = Assets.xcassets; sourceTree = "<group>"; };
		63C3B90C1F0ABFEC00AC2B8C /* Base */ = {isa = PBXFileReference; lastKnownFileType = file.storyboard; name = Base; path = Base.lproj/LaunchScreen.storyboard; sourceTree = "<group>"; };
		63C3B90E1F0ABFEC00AC2B8C /* Info.plist */ = {isa = PBXFileReference; lastKnownFileType = text.plist.xml; path = Info.plist; sourceTree = "<group>"; };
		63C3B9131F0ABFEC00AC2B8C /* College Profile BuilderTests.xctest */ = {isa = PBXFileReference; explicitFileType = wrapper.cfbundle; includeInIndex = 0; path = "College Profile BuilderTests.xctest"; sourceTree = BUILT_PRODUCTS_DIR; };
		63C3B9171F0ABFEC00AC2B8C /* College_Profile_BuilderTests.swift */ = {isa = PBXFileReference; lastKnownFileType = sourcecode.swift; path = College_Profile_BuilderTests.swift; sourceTree = "<group>"; };
		63C3B9191F0ABFEC00AC2B8C /* Info.plist */ = {isa = PBXFileReference; lastKnownFileType = text.plist.xml; path = Info.plist; sourceTree = "<group>"; };
		63C3B91E1F0ABFEC00AC2B8C /* College Profile BuilderUITests.xctest */ = {isa = PBXFileReference; explicitFileType = wrapper.cfbundle; includeInIndex = 0; path = "College Profile BuilderUITests.xctest"; sourceTree = BUILT_PRODUCTS_DIR; };
		63C3B9221F0ABFEC00AC2B8C /* College_Profile_BuilderUITests.swift */ = {isa = PBXFileReference; lastKnownFileType = sourcecode.swift; path = College_Profile_BuilderUITests.swift; sourceTree = "<group>"; };
		63C3B9241F0ABFEC00AC2B8C /* Info.plist */ = {isa = PBXFileReference; lastKnownFileType = text.plist.xml; path = Info.plist; sourceTree = "<group>"; };
		63C3B9301F0AC02700AC2B8C /* College.swift */ = {isa = PBXFileReference; fileEncoding = 4; lastKnownFileType = sourcecode.swift; path = College.swift; sourceTree = "<group>"; };
		63C3B9321F0ACABC00AC2B8C /* Realm.framework */ = {isa = PBXFileReference; lastKnownFileType = wrapper.framework; path = Realm.framework; sourceTree = "<group>"; };
		63C3B9331F0ACABC00AC2B8C /* RealmSwift.framework */ = {isa = PBXFileReference; lastKnownFileType = wrapper.framework; path = RealmSwift.framework; sourceTree = "<group>"; };
		63C3BA211F0D5FD700AC2B8C /* MapViewController.swift */ = {isa = PBXFileReference; fileEncoding = 4; lastKnownFileType = sourcecode.swift; path = MapViewController.swift; sourceTree = "<group>"; };
/* End PBXFileReference section */

/* Begin PBXFrameworksBuildPhase section */
		63C3B8FA1F0ABFEC00AC2B8C /* Frameworks */ = {
			isa = PBXFrameworksBuildPhase;
			buildActionMask = 2147483647;
			files = (
				63C3B9361F0ACABC00AC2B8C /* RealmSwift.framework in Frameworks */,
				63C3B9341F0ACABC00AC2B8C /* Realm.framework in Frameworks */,
			);
			runOnlyForDeploymentPostprocessing = 0;
		};
		63C3B9101F0ABFEC00AC2B8C /* Frameworks */ = {
			isa = PBXFrameworksBuildPhase;
			buildActionMask = 2147483647;
			files = (
			);
			runOnlyForDeploymentPostprocessing = 0;
		};
		63C3B91B1F0ABFEC00AC2B8C /* Frameworks */ = {
			isa = PBXFrameworksBuildPhase;
			buildActionMask = 2147483647;
			files = (
			);
			runOnlyForDeploymentPostprocessing = 0;
		};
/* End PBXFrameworksBuildPhase section */

/* Begin PBXGroup section */
		63C3B8F41F0ABFEC00AC2B8C = {
			isa = PBXGroup;
			children = (
				63C3B9321F0ACABC00AC2B8C /* Realm.framework */,
				63C3B9331F0ACABC00AC2B8C /* RealmSwift.framework */,
				63C3B9301F0AC02700AC2B8C /* College.swift */,
				63C3B8FF1F0ABFEC00AC2B8C /* College Profile Builder */,
				63C3B9161F0ABFEC00AC2B8C /* College Profile BuilderTests */,
				63C3B9211F0ABFEC00AC2B8C /* College Profile BuilderUITests */,
				63C3B8FE1F0ABFEC00AC2B8C /* Products */,
			);
			sourceTree = "<group>";
		};
		63C3B8FE1F0ABFEC00AC2B8C /* Products */ = {
			isa = PBXGroup;
			children = (
				63C3B8FD1F0ABFEC00AC2B8C /* College Profile Builder.app */,
				63C3B9131F0ABFEC00AC2B8C /* College Profile BuilderTests.xctest */,
				63C3B91E1F0ABFEC00AC2B8C /* College Profile BuilderUITests.xctest */,
			);
			name = Products;
			sourceTree = "<group>";
		};
		63C3B8FF1F0ABFEC00AC2B8C /* College Profile Builder */ = {
			isa = PBXGroup;
			children = (
				63C3B9001F0ABFEC00AC2B8C /* AppDelegate.swift */,
				63C3B9021F0ABFEC00AC2B8C /* MasterViewController.swift */,
				63C3B9041F0ABFEC00AC2B8C /* DetailViewController.swift */,
				63C3B9061F0ABFEC00AC2B8C /* Main.storyboard */,
				63C3BA211F0D5FD700AC2B8C /* MapViewController.swift */,
				63C3B9091F0ABFEC00AC2B8C /* Assets.xcassets */,
				63C3B90B1F0ABFEC00AC2B8C /* LaunchScreen.storyboard */,
				63C3B90E1F0ABFEC00AC2B8C /* Info.plist */,
			);
			path = "College Profile Builder";
			sourceTree = "<group>";
		};
		63C3B9161F0ABFEC00AC2B8C /* College Profile BuilderTests */ = {
			isa = PBXGroup;
			children = (
				63C3B9171F0ABFEC00AC2B8C /* College_Profile_BuilderTests.swift */,
				63C3B9191F0ABFEC00AC2B8C /* Info.plist */,
			);
			path = "College Profile BuilderTests";
			sourceTree = "<group>";
		};
		63C3B9211F0ABFEC00AC2B8C /* College Profile BuilderUITests */ = {
			isa = PBXGroup;
			children = (
				63C3B9221F0ABFEC00AC2B8C /* College_Profile_BuilderUITests.swift */,
				63C3B9241F0ABFEC00AC2B8C /* Info.plist */,
			);
			path = "College Profile BuilderUITests";
			sourceTree = "<group>";
		};
/* End PBXGroup section */

/* Begin PBXNativeTarget section */
		63C3B8FC1F0ABFEC00AC2B8C /* College Profile Builder */ = {
			isa = PBXNativeTarget;
			buildConfigurationList = 63C3B9271F0ABFEC00AC2B8C /* Build configuration list for PBXNativeTarget "College Profile Builder" */;
			buildPhases = (
				63C3B8F91F0ABFEC00AC2B8C /* Sources */,
				63C3B8FA1F0ABFEC00AC2B8C /* Frameworks */,
				63C3B8FB1F0ABFEC00AC2B8C /* Resources */,
				63C3B9381F0ACABC00AC2B8C /* Embed Frameworks */,
			);
			buildRules = (
			);
			dependencies = (
			);
			name = "College Profile Builder";
			productName = "College Profile Builder";
			productReference = 63C3B8FD1F0ABFEC00AC2B8C /* College Profile Builder.app */;
			productType = "com.apple.product-type.application";
		};
		63C3B9121F0ABFEC00AC2B8C /* College Profile BuilderTests */ = {
			isa = PBXNativeTarget;
			buildConfigurationList = 63C3B92A1F0ABFEC00AC2B8C /* Build configuration list for PBXNativeTarget "College Profile BuilderTests" */;
			buildPhases = (
				63C3B90F1F0ABFEC00AC2B8C /* Sources */,
				63C3B9101F0ABFEC00AC2B8C /* Frameworks */,
				63C3B9111F0ABFEC00AC2B8C /* Resources */,
			);
			buildRules = (
			);
			dependencies = (
				63C3B9151F0ABFEC00AC2B8C /* PBXTargetDependency */,
			);
			name = "College Profile BuilderTests";
			productName = "College Profile BuilderTests";
			productReference = 63C3B9131F0ABFEC00AC2B8C /* College Profile BuilderTests.xctest */;
			productType = "com.apple.product-type.bundle.unit-test";
		};
		63C3B91D1F0ABFEC00AC2B8C /* College Profile BuilderUITests */ = {
			isa = PBXNativeTarget;
			buildConfigurationList = 63C3B92D1F0ABFEC00AC2B8C /* Build configuration list for PBXNativeTarget "College Profile BuilderUITests" */;
			buildPhases = (
				63C3B91A1F0ABFEC00AC2B8C /* Sources */,
				63C3B91B1F0ABFEC00AC2B8C /* Frameworks */,
				63C3B91C1F0ABFEC00AC2B8C /* Resources */,
			);
			buildRules = (
			);
			dependencies = (
				63C3B9201F0ABFEC00AC2B8C /* PBXTargetDependency */,
			);
			name = "College Profile BuilderUITests";
			productName = "College Profile BuilderUITests";
			productReference = 63C3B91E1F0ABFEC00AC2B8C /* College Profile BuilderUITests.xctest */;
			productType = "com.apple.product-type.bundle.ui-testing";
		};
/* End PBXNativeTarget section */

/* Begin PBXProject section */
		63C3B8F51F0ABFEC00AC2B8C /* Project object */ = {
			isa = PBXProject;
			attributes = {
				LastSwiftUpdateCheck = 0830;
				LastUpgradeCheck = 0830;
				ORGANIZATIONNAME = "Alexandra Stavrakos";
				TargetAttributes = {
					63C3B8FC1F0ABFEC00AC2B8C = {
						CreatedOnToolsVersion = 8.3.3;
						ProvisioningStyle = Automatic;
					};
					63C3B9121F0ABFEC00AC2B8C = {
						CreatedOnToolsVersion = 8.3.3;
						ProvisioningStyle = Automatic;
						TestTargetID = 63C3B8FC1F0ABFEC00AC2B8C;
					};
					63C3B91D1F0ABFEC00AC2B8C = {
						CreatedOnToolsVersion = 8.3.3;
						ProvisioningStyle = Automatic;
						TestTargetID = 63C3B8FC1F0ABFEC00AC2B8C;
					};
				};
			};
			buildConfigurationList = 63C3B8F81F0ABFEC00AC2B8C /* Build configuration list for PBXProject "College Profile Builder" */;
			compatibilityVersion = "Xcode 3.2";
			developmentRegion = English;
			hasScannedForEncodings = 0;
			knownRegions = (
				en,
				Base,
			);
			mainGroup = 63C3B8F41F0ABFEC00AC2B8C;
			productRefGroup = 63C3B8FE1F0ABFEC00AC2B8C /* Products */;
			projectDirPath = "";
			projectRoot = "";
			targets = (
				63C3B8FC1F0ABFEC00AC2B8C /* College Profile Builder */,
				63C3B9121F0ABFEC00AC2B8C /* College Profile BuilderTests */,
				63C3B91D1F0ABFEC00AC2B8C /* College Profile BuilderUITests */,
			);
		};
/* End PBXProject section */

/* Begin PBXResourcesBuildPhase section */
		63C3B8FB1F0ABFEC00AC2B8C /* Resources */ = {
			isa = PBXResourcesBuildPhase;
			buildActionMask = 2147483647;
			files = (
				63C3B90D1F0ABFEC00AC2B8C /* LaunchScreen.storyboard in Resources */,
				63C3B90A1F0ABFEC00AC2B8C /* Assets.xcassets in Resources */,
				63C3B9081F0ABFEC00AC2B8C /* Main.storyboard in Resources */,
			);
			runOnlyForDeploymentPostprocessing = 0;
		};
		63C3B9111F0ABFEC00AC2B8C /* Resources */ = {
			isa = PBXResourcesBuildPhase;
			buildActionMask = 2147483647;
			files = (
			);
			runOnlyForDeploymentPostprocessing = 0;
		};
		63C3B91C1F0ABFEC00AC2B8C /* Resources */ = {
			isa = PBXResourcesBuildPhase;
			buildActionMask = 2147483647;
			files = (
			);
			runOnlyForDeploymentPostprocessing = 0;
		};
/* End PBXResourcesBuildPhase section */

/* Begin PBXSourcesBuildPhase section */
		63C3B8F91F0ABFEC00AC2B8C /* Sources */ = {
			isa = PBXSourcesBuildPhase;
			buildActionMask = 2147483647;
			files = (
				63C3B9051F0ABFEC00AC2B8C /* DetailViewController.swift in Sources */,
				63C3B9031F0ABFEC00AC2B8C /* MasterViewController.swift in Sources */,
				63C3B9011F0ABFEC00AC2B8C /* AppDelegate.swift in Sources */,
				63C3BA221F0D5FD700AC2B8C /* MapViewController.swift in Sources */,
				63C3B9311F0AC02700AC2B8C /* College.swift in Sources */,
			);
			runOnlyForDeploymentPostprocessing = 0;
		};
		63C3B90F1F0ABFEC00AC2B8C /* Sources */ = {
			isa = PBXSourcesBuildPhase;
			buildActionMask = 2147483647;
			files = (
				63C3B9181F0ABFEC00AC2B8C /* College_Profile_BuilderTests.swift in Sources */,
			);
			runOnlyForDeploymentPostprocessing = 0;
		};
		63C3B91A1F0ABFEC00AC2B8C /* Sources */ = {
			isa = PBXSourcesBuildPhase;
			buildActionMask = 2147483647;
			files = (
				63C3B9231F0ABFEC00AC2B8C /* College_Profile_BuilderUITests.swift in Sources */,
			);
			runOnlyForDeploymentPostprocessing = 0;
		};
/* End PBXSourcesBuildPhase section */

/* Begin PBXTargetDependency section */
		63C3B9151F0ABFEC00AC2B8C /* PBXTargetDependency */ = {
			isa = PBXTargetDependency;
			target = 63C3B8FC1F0ABFEC00AC2B8C /* College Profile Builder */;
			targetProxy = 63C3B9141F0ABFEC00AC2B8C /* PBXContainerItemProxy */;
		};
		63C3B9201F0ABFEC00AC2B8C /* PBXTargetDependency */ = {
			isa = PBXTargetDependency;
			target = 63C3B8FC1F0ABFEC00AC2B8C /* College Profile Builder */;
			targetProxy = 63C3B91F1F0ABFEC00AC2B8C /* PBXContainerItemProxy */;
		};
/* End PBXTargetDependency section */

/* Begin PBXVariantGroup section */
		63C3B9061F0ABFEC00AC2B8C /* Main.storyboard */ = {
			isa = PBXVariantGroup;
			children = (
				63C3B9071F0ABFEC00AC2B8C /* Base */,
			);
			name = Main.storyboard;
			sourceTree = "<group>";
		};
		63C3B90B1F0ABFEC00AC2B8C /* LaunchScreen.storyboard */ = {
			isa = PBXVariantGroup;
			children = (
				63C3B90C1F0ABFEC00AC2B8C /* Base */,
			);
			name = LaunchScreen.storyboard;
			sourceTree = "<group>";
		};
/* End PBXVariantGroup section */

/* Begin XCBuildConfiguration section */
		63C3B9251F0ABFEC00AC2B8C /* Debug */ = {
			isa = XCBuildConfiguration;
			buildSettings = {
				ALWAYS_SEARCH_USER_PATHS = NO;
				CLANG_ANALYZER_NONNULL = YES;
				CLANG_ANALYZER_NUMBER_OBJECT_CONVERSION = YES_AGGRESSIVE;
				CLANG_CXX_LANGUAGE_STANDARD = "gnu++0x";
				CLANG_CXX_LIBRARY = "libc++";
				CLANG_ENABLE_MODULES = YES;
				CLANG_ENABLE_OBJC_ARC = YES;
				CLANG_WARN_BOOL_CONVERSION = YES;
				CLANG_WARN_CONSTANT_CONVERSION = YES;
				CLANG_WARN_DIRECT_OBJC_ISA_USAGE = YES_ERROR;
				CLANG_WARN_DOCUMENTATION_COMMENTS = YES;
				CLANG_WARN_EMPTY_BODY = YES;
				CLANG_WARN_ENUM_CONVERSION = YES;
				CLANG_WARN_INFINITE_RECURSION = YES;
				CLANG_WARN_INT_CONVERSION = YES;
				CLANG_WARN_OBJC_ROOT_CLASS = YES_ERROR;
				CLANG_WARN_SUSPICIOUS_MOVE = YES;
				CLANG_WARN_UNREACHABLE_CODE = YES;
				CLANG_WARN__DUPLICATE_METHOD_MATCH = YES;
				"CODE_SIGN_IDENTITY[sdk=iphoneos*]" = "iPhone Developer";
				COPY_PHASE_STRIP = NO;
				DEBUG_INFORMATION_FORMAT = dwarf;
				ENABLE_STRICT_OBJC_MSGSEND = YES;
				ENABLE_TESTABILITY = YES;
				GCC_C_LANGUAGE_STANDARD = gnu99;
				GCC_DYNAMIC_NO_PIC = NO;
				GCC_NO_COMMON_BLOCKS = YES;
				GCC_OPTIMIZATION_LEVEL = 0;
				GCC_PREPROCESSOR_DEFINITIONS = (
					"DEBUG=1",
					"$(inherited)",
				);
				GCC_WARN_64_TO_32_BIT_CONVERSION = YES;
				GCC_WARN_ABOUT_RETURN_TYPE = YES_ERROR;
				GCC_WARN_UNDECLARED_SELECTOR = YES;
				GCC_WARN_UNINITIALIZED_AUTOS = YES_AGGRESSIVE;
				GCC_WARN_UNUSED_FUNCTION = YES;
				GCC_WARN_UNUSED_VARIABLE = YES;
				IPHONEOS_DEPLOYMENT_TARGET = 10.3;
				MTL_ENABLE_DEBUG_INFO = YES;
				ONLY_ACTIVE_ARCH = YES;
				SDKROOT = iphoneos;
				SWIFT_ACTIVE_COMPILATION_CONDITIONS = DEBUG;
				SWIFT_OPTIMIZATION_LEVEL = "-Onone";
			};
			name = Debug;
		};
		63C3B9261F0ABFEC00AC2B8C /* Release */ = {
			isa = XCBuildConfiguration;
			buildSettings = {
				ALWAYS_SEARCH_USER_PATHS = NO;
				CLANG_ANALYZER_NONNULL = YES;
				CLANG_ANALYZER_NUMBER_OBJECT_CONVERSION = YES_AGGRESSIVE;
				CLANG_CXX_LANGUAGE_STANDARD = "gnu++0x";
				CLANG_CXX_LIBRARY = "libc++";
				CLANG_ENABLE_MODULES = YES;
				CLANG_ENABLE_OBJC_ARC = YES;
				CLANG_WARN_BOOL_CONVERSION = YES;
				CLANG_WARN_CONSTANT_CONVERSION = YES;
				CLANG_WARN_DIRECT_OBJC_ISA_USAGE = YES_ERROR;
				CLANG_WARN_DOCUMENTATION_COMMENTS = YES;
				CLANG_WARN_EMPTY_BODY = YES;
				CLANG_WARN_ENUM_CONVERSION = YES;
				CLANG_WARN_INFINITE_RECURSION = YES;
				CLANG_WARN_INT_CONVERSION = YES;
				CLANG_WARN_OBJC_ROOT_CLASS = YES_ERROR;
				CLANG_WARN_SUSPICIOUS_MOVE = YES;
				CLANG_WARN_UNREACHABLE_CODE = YES;
				CLANG_WARN__DUPLICATE_METHOD_MATCH = YES;
				"CODE_SIGN_IDENTITY[sdk=iphoneos*]" = "iPhone Developer";
				COPY_PHASE_STRIP = NO;
				DEBUG_INFORMATION_FORMAT = "dwarf-with-dsym";
				ENABLE_NS_ASSERTIONS = NO;
				ENABLE_STRICT_OBJC_MSGSEND = YES;
				GCC_C_LANGUAGE_STANDARD = gnu99;
				GCC_NO_COMMON_BLOCKS = YES;
				GCC_WARN_64_TO_32_BIT_CONVERSION = YES;
				GCC_WARN_ABOUT_RETURN_TYPE = YES_ERROR;
				GCC_WARN_UNDECLARED_SELECTOR = YES;
				GCC_WARN_UNINITIALIZED_AUTOS = YES_AGGRESSIVE;
				GCC_WARN_UNUSED_FUNCTION = YES;
				GCC_WARN_UNUSED_VARIABLE = YES;
				IPHONEOS_DEPLOYMENT_TARGET = 10.3;
				MTL_ENABLE_DEBUG_INFO = NO;
				SDKROOT = iphoneos;
				SWIFT_OPTIMIZATION_LEVEL = "-Owholemodule";
				VALIDATE_PRODUCT = YES;
			};
			name = Release;
		};
		63C3B9281F0ABFEC00AC2B8C /* Debug */ = {
			isa = XCBuildConfiguration;
			buildSettings = {
				ASSETCATALOG_COMPILER_APPICON_NAME = AppIcon;
				FRAMEWORK_SEARCH_PATHS = (
					"$(inherited)",
					"$(PROJECT_DIR)",
				);
				INFOPLIST_FILE = "College Profile Builder/Info.plist";
				LD_RUNPATH_SEARCH_PATHS = "$(inherited) @executable_path/Frameworks";
				PRODUCT_BUNDLE_IDENTIFIER = "lstavrakos.College-Profile-Builder";
				PRODUCT_NAME = "$(TARGET_NAME)";
				SWIFT_VERSION = 3.0;
			};
			name = Debug;
		};
		63C3B9291F0ABFEC00AC2B8C /* Release */ = {
			isa = XCBuildConfiguration;
			buildSettings = {
				ASSETCATALOG_COMPILER_APPICON_NAME = AppIcon;
				FRAMEWORK_SEARCH_PATHS = (
					"$(inherited)",
					"$(PROJECT_DIR)",
				);
				INFOPLIST_FILE = "College Profile Builder/Info.plist";
				LD_RUNPATH_SEARCH_PATHS = "$(inherited) @executable_path/Frameworks";
				PRODUCT_BUNDLE_IDENTIFIER = "lstavrakos.College-Profile-Builder";
				PRODUCT_NAME = "$(TARGET_NAME)";
				SWIFT_VERSION = 3.0;
			};
			name = Release;
		};
		63C3B92B1F0ABFEC00AC2B8C /* Debug */ = {
			isa = XCBuildConfiguration;
			buildSettings = {
				ALWAYS_EMBED_SWIFT_STANDARD_LIBRARIES = YES;
				BUNDLE_LOADER = "$(TEST_HOST)";
				INFOPLIST_FILE = "College Profile BuilderTests/Info.plist";
				LD_RUNPATH_SEARCH_PATHS = "$(inherited) @executable_path/Frameworks @loader_path/Frameworks";
				PRODUCT_BUNDLE_IDENTIFIER = "lstavrakos.College-Profile-BuilderTests";
				PRODUCT_NAME = "$(TARGET_NAME)";
				SWIFT_VERSION = 3.0;
				TEST_HOST = "$(BUILT_PRODUCTS_DIR)/College Profile Builder.app/College Profile Builder";
			};
			name = Debug;
		};
		63C3B92C1F0ABFEC00AC2B8C /* Release */ = {
			isa = XCBuildConfiguration;
			buildSettings = {
				ALWAYS_EMBED_SWIFT_STANDARD_LIBRARIES = YES;
				BUNDLE_LOADER = "$(TEST_HOST)";
				INFOPLIST_FILE = "College Profile BuilderTests/Info.plist";
				LD_RUNPATH_SEARCH_PATHS = "$(inherited) @executable_path/Frameworks @loader_path/Frameworks";
				PRODUCT_BUNDLE_IDENTIFIER = "lstavrakos.College-Profile-BuilderTests";
				PRODUCT_NAME = "$(TARGET_NAME)";
				SWIFT_VERSION = 3.0;
				TEST_HOST = "$(BUILT_PRODUCTS_DIR)/College Profile Builder.app/College Profile Builder";
			};
			name = Release;
		};
		63C3B92E1F0ABFEC00AC2B8C /* Debug */ = {
			isa = XCBuildConfiguration;
			buildSettings = {
				ALWAYS_EMBED_SWIFT_STANDARD_LIBRARIES = YES;
				INFOPLIST_FILE = "College Profile BuilderUITests/Info.plist";
				LD_RUNPATH_SEARCH_PATHS = "$(inherited) @executable_path/Frameworks @loader_path/Frameworks";
				PRODUCT_BUNDLE_IDENTIFIER = "lstavrakos.College-Profile-BuilderUITests";
				PRODUCT_NAME = "$(TARGET_NAME)";
				SWIFT_VERSION = 3.0;
				TEST_TARGET_NAME = "College Profile Builder";
			};
			name = Debug;
		};
		63C3B92F1F0ABFEC00AC2B8C /* Release */ = {
			isa = XCBuildConfiguration;
			buildSettings = {
				ALWAYS_EMBED_SWIFT_STANDARD_LIBRARIES = YES;
				INFOPLIST_FILE = "College Profile BuilderUITests/Info.plist";
				LD_RUNPATH_SEARCH_PATHS = "$(inherited) @executable_path/Frameworks @loader_path/Frameworks";
				PRODUCT_BUNDLE_IDENTIFIER = "lstavrakos.College-Profile-BuilderUITests";
				PRODUCT_NAME = "$(TARGET_NAME)";
				SWIFT_VERSION = 3.0;
				TEST_TARGET_NAME = "College Profile Builder";
			};
			name = Release;
		};
/* End XCBuildConfiguration section */

/* Begin XCConfigurationList section */
		63C3B8F81F0ABFEC00AC2B8C /* Build configuration list for PBXProject "College Profile Builder" */ = {
			isa = XCConfigurationList;
			buildConfigurations = (
				63C3B9251F0ABFEC00AC2B8C /* Debug */,
				63C3B9261F0ABFEC00AC2B8C /* Release */,
			);
			defaultConfigurationIsVisible = 0;
			defaultConfigurationName = Release;
		};
		63C3B9271F0ABFEC00AC2B8C /* Build configuration list for PBXNativeTarget "College Profile Builder" */ = {
			isa = XCConfigurationList;
			buildConfigurations = (
				63C3B9281F0ABFEC00AC2B8C /* Debug */,
				63C3B9291F0ABFEC00AC2B8C /* Release */,
			);
			defaultConfigurationIsVisible = 0;
			defaultConfigurationName = Release;
		};
		63C3B92A1F0ABFEC00AC2B8C /* Build configuration list for PBXNativeTarget "College Profile BuilderTests" */ = {
			isa = XCConfigurationList;
			buildConfigurations = (
				63C3B92B1F0ABFEC00AC2B8C /* Debug */,
				63C3B92C1F0ABFEC00AC2B8C /* Release */,
			);
			defaultConfigurationIsVisible = 0;
			defaultConfigurationName = Release;
		};
		63C3B92D1F0ABFEC00AC2B8C /* Build configuration list for PBXNativeTarget "College Profile BuilderUITests" */ = {
			isa = XCConfigurationList;
			buildConfigurations = (
				63C3B92E1F0ABFEC00AC2B8C /* Debug */,
				63C3B92F1F0ABFEC00AC2B8C /* Release */,
			);
			defaultConfigurationIsVisible = 0;
			defaultConfigurationName = Release;
		};
/* End XCConfigurationList section */
	};
	rootObject = 63C3B8F51F0ABFEC00AC2B8C /* Project object */;
}
